
Microsoft Visual Studio Solution File, Format Version 12.00
# Visual Studio Version 17
VisualStudioVersion = 17.1.32414.318
MinimumVisualStudioVersion = 10.0.40219.1
Project("{FAE04EC0-301F-11D3-BF4B-00C04F79EFBC}") = "Examen_2", "Examen_2\Examen_2.csproj", "{6341DAC8-5249-4EAD-8974-B69533E56C41}"
EndProject
Global
	GlobalSection(SolutionConfigurationPlatforms) = preSolution
		Debug|Any CPU = Debug|Any CPU
		Release|Any CPU = Release|Any CPU
	EndGlobalSection
	GlobalSection(ProjectConfigurationPlatforms) = postSolution
		{6341DAC8-5249-4EAD-8974-B69533E56C41}.Debug|Any CPU.ActiveCfg = Debug|Any CPU
		{6341DAC8-5249-4EAD-8974-B69533E56C41}.Debug|Any CPU.Build.0 = Debug|Any CPU
		{6341DAC8-5249-4EAD-8974-B69533E56C41}.Release|Any CPU.ActiveCfg = Release|Any CPU
		{6341DAC8-5249-4EAD-8974-B69533E56C41}.Release|Any CPU.Build.0 = Release|Any CPU
	EndGlobalSection
	GlobalSection(SolutionProperties) = preSolution
		HideSolutionNode = FALSE
	EndGlobalSection
	GlobalSection(ExtensibilityGlobals) = postSolution
		SolutionGuid = {9140A968-77BA-4A8F-A56F-D69F459216DC}
	EndGlobalSection
EndGlobal
